
Microsoft Visual Studio Solution File, Format Version 12.00
# Visual Studio Version 17
VisualStudioVersion = 17.8.34112.27
MinimumVisualStudioVersion = 10.0.40219.1
Project("{9A19103F-16F7-4668-BE54-9A1E7A4F7556}") = "VectorEmbeddingsSimilarityOptimizations", "VectorEmbeddingsSimilarityOptimizations.csproj", "{2F9BBE50-BFA7-48A8-8A3D-66E9E888034B}"
EndProject
Project("{9A19103F-16F7-4668-BE54-9A1E7A4F7556}") = "VectorEmbeddingsSimilarityOptimizations.Util", "VectorEmbeddingsSimilarityOptimizations.Util\VectorEmbeddingsSimilarityOptimizations.Util.csproj", "{BA1EFFA0-0124-47E6-BF91-547F99D3CA91}"
EndProject
Project("{9A19103F-16F7-4668-BE54-9A1E7A4F7556}") = "VectorEmbeddingsSimilarityOptimizations.Jobs.VectorCalculation", "VectorEmbeddingsSimilarityOptimizations.Jobs.VectorCalculation\VectorEmbeddingsSimilarityOptimizations.Jobs.VectorCalculation.csproj", "{7F6C0D33-E890-4B9C-BA7F-7F1AAE2ADDD0}"
EndProject
Project("{9A19103F-16F7-4668-BE54-9A1E7A4F7556}") = "VectorEmbeddingsSimilarityOptimizations.Jobs.VectorDimensions", "VectorEmbeddingsSimilarityOptimizations.Jobs.VectorDimensions\VectorEmbeddingsSimilarityOptimizations.Jobs.VectorDimensions.csproj", "{692C9EA6-E825-4043-B20B-B855F0ACAFFB}"
EndProject
Project("{9A19103F-16F7-4668-BE54-9A1E7A4F7556}") = "VectorEmbeddingsSimilarityOptimizations.Jobs.VectorMultithread", "VectorEmbeddingsSimilarityOptimizations.Jobs.VectorMultithread\VectorEmbeddingsSimilarityOptimizations.Jobs.VectorMultithread.csproj", "{61E1207C-507D-4D3E-ACB9-DF59C94A19F9}"
EndProject
Project("{9A19103F-16F7-4668-BE54-9A1E7A4F7556}") = "VectorEmbeddingsSimilarityOptimizations.Jobs.VectorLinear", "VectorEmbeddingsSimilarityOptimizations.Jobs.VectorLinear\VectorEmbeddingsSimilarityOptimizations.Jobs.VectorLinear.csproj", "{C567E949-8BF2-4524-8565-4799816EC2C2}"
EndProject
Project("{9A19103F-16F7-4668-BE54-9A1E7A4F7556}") = "VectorEmbeddingsSimilarityOptimizations.Jobs.VectorAVX", "VectorEmbeddingsSimilarityOptimizations.Jobs.VectorAVX\VectorEmbeddingsSimilarityOptimizations.Jobs.VectorAVX.csproj", "{CFFCDBCB-BEA9-43E2-B833-AC827F7AC535}"
EndProject
Project("{9A19103F-16F7-4668-BE54-9A1E7A4F7556}") = "VectorEmbeddingsSimilarityOptimizations.Jobs.Complete", "VectorEmbeddingsSimilarityOptimizations.Jobs.Complete\VectorEmbeddingsSimilarityOptimizations.Jobs.Complete.csproj", "{8785956E-7D45-4753-944A-3DDDE01971A9}"
EndProject
Project("{FAE04EC0-301F-11D3-BF4B-00C04F79EFBC}") = "VectorEmbeddingsSimilarityOptimizations.Jobs.DotNetVersion", "VectorEmbeddingsSimilarityOptimizations.Jobs.DotNetVersion\VectorEmbeddingsSimilarityOptimizations.Jobs.DotNetVersion.csproj", "{9576A124-BEFC-4770-8FA3-8FD59DC7F535}"
EndProject
Global
	GlobalSection(SolutionConfigurationPlatforms) = preSolution
		Debug|Any CPU = Debug|Any CPU
		Debug|x64 = Debug|x64
		Release|Any CPU = Release|Any CPU
		Release|x64 = Release|x64
	EndGlobalSection
	GlobalSection(ProjectConfigurationPlatforms) = postSolution
		{2F9BBE50-BFA7-48A8-8A3D-66E9E888034B}.Debug|Any CPU.ActiveCfg = Debug|Any CPU
		{2F9BBE50-BFA7-48A8-8A3D-66E9E888034B}.Debug|Any CPU.Build.0 = Debug|Any CPU
		{2F9BBE50-BFA7-48A8-8A3D-66E9E888034B}.Debug|x64.ActiveCfg = Debug|x64
		{2F9BBE50-BFA7-48A8-8A3D-66E9E888034B}.Debug|x64.Build.0 = Debug|x64
		{2F9BBE50-BFA7-48A8-8A3D-66E9E888034B}.Release|Any CPU.ActiveCfg = Release|Any CPU
		{2F9BBE50-BFA7-48A8-8A3D-66E9E888034B}.Release|Any CPU.Build.0 = Release|Any CPU
		{2F9BBE50-BFA7-48A8-8A3D-66E9E888034B}.Release|x64.ActiveCfg = Release|x64
		{2F9BBE50-BFA7-48A8-8A3D-66E9E888034B}.Release|x64.Build.0 = Release|x64
		{BA1EFFA0-0124-47E6-BF91-547F99D3CA91}.Debug|Any CPU.ActiveCfg = Debug|Any CPU
		{BA1EFFA0-0124-47E6-BF91-547F99D3CA91}.Debug|Any CPU.Build.0 = Debug|Any CPU
		{BA1EFFA0-0124-47E6-BF91-547F99D3CA91}.Debug|x64.ActiveCfg = Debug|Any CPU
		{BA1EFFA0-0124-47E6-BF91-547F99D3CA91}.Debug|x64.Build.0 = Debug|Any CPU
		{BA1EFFA0-0124-47E6-BF91-547F99D3CA91}.Release|Any CPU.ActiveCfg = Release|Any CPU
		{BA1EFFA0-0124-47E6-BF91-547F99D3CA91}.Release|Any CPU.Build.0 = Release|Any CPU
		{BA1EFFA0-0124-47E6-BF91-547F99D3CA91}.Release|x64.ActiveCfg = Release|Any CPU
		{BA1EFFA0-0124-47E6-BF91-547F99D3CA91}.Release|x64.Build.0 = Release|Any CPU
		{7F6C0D33-E890-4B9C-BA7F-7F1AAE2ADDD0}.Debug|Any CPU.ActiveCfg = Debug|Any CPU
		{7F6C0D33-E890-4B9C-BA7F-7F1AAE2ADDD0}.Debug|Any CPU.Build.0 = Debug|Any CPU
		{7F6C0D33-E890-4B9C-BA7F-7F1AAE2ADDD0}.Debug|x64.ActiveCfg = Debug|Any CPU
		{7F6C0D33-E890-4B9C-BA7F-7F1AAE2ADDD0}.Debug|x64.Build.0 = Debug|Any CPU
		{7F6C0D33-E890-4B9C-BA7F-7F1AAE2ADDD0}.Release|Any CPU.ActiveCfg = Release|Any CPU
		{7F6C0D33-E890-4B9C-BA7F-7F1AAE2ADDD0}.Release|Any CPU.Build.0 = Release|Any CPU
		{7F6C0D33-E890-4B9C-BA7F-7F1AAE2ADDD0}.Release|x64.ActiveCfg = Release|Any CPU
		{7F6C0D33-E890-4B9C-BA7F-7F1AAE2ADDD0}.Release|x64.Build.0 = Release|Any CPU
		{692C9EA6-E825-4043-B20B-B855F0ACAFFB}.Debug|Any CPU.ActiveCfg = Debug|Any CPU
		{692C9EA6-E825-4043-B20B-B855F0ACAFFB}.Debug|Any CPU.Build.0 = Debug|Any CPU
		{692C9EA6-E825-4043-B20B-B855F0ACAFFB}.Debug|x64.ActiveCfg = Debug|Any CPU
		{692C9EA6-E825-4043-B20B-B855F0ACAFFB}.Debug|x64.Build.0 = Debug|Any CPU
		{692C9EA6-E825-4043-B20B-B855F0ACAFFB}.Release|Any CPU.ActiveCfg = Release|Any CPU
		{692C9EA6-E825-4043-B20B-B855F0ACAFFB}.Release|Any CPU.Build.0 = Release|Any CPU
		{692C9EA6-E825-4043-B20B-B855F0ACAFFB}.Release|x64.ActiveCfg = Release|Any CPU
		{692C9EA6-E825-4043-B20B-B855F0ACAFFB}.Release|x64.Build.0 = Release|Any CPU
		{61E1207C-507D-4D3E-ACB9-DF59C94A19F9}.Debug|Any CPU.ActiveCfg = Debug|Any CPU
		{61E1207C-507D-4D3E-ACB9-DF59C94A19F9}.Debug|Any CPU.Build.0 = Debug|Any CPU
		{61E1207C-507D-4D3E-ACB9-DF59C94A19F9}.Debug|x64.ActiveCfg = Debug|Any CPU
		{61E1207C-507D-4D3E-ACB9-DF59C94A19F9}.Debug|x64.Build.0 = Debug|Any CPU
		{61E1207C-507D-4D3E-ACB9-DF59C94A19F9}.Release|Any CPU.ActiveCfg = Release|Any CPU
		{61E1207C-507D-4D3E-ACB9-DF59C94A19F9}.Release|Any CPU.Build.0 = Release|Any CPU
		{61E1207C-507D-4D3E-ACB9-DF59C94A19F9}.Release|x64.ActiveCfg = Release|Any CPU
		{61E1207C-507D-4D3E-ACB9-DF59C94A19F9}.Release|x64.Build.0 = Release|Any CPU
		{C567E949-8BF2-4524-8565-4799816EC2C2}.Debug|Any CPU.ActiveCfg = Debug|Any CPU
		{C567E949-8BF2-4524-8565-4799816EC2C2}.Debug|Any CPU.Build.0 = Debug|Any CPU
		{C567E949-8BF2-4524-8565-4799816EC2C2}.Debug|x64.ActiveCfg = Debug|Any CPU
		{C567E949-8BF2-4524-8565-4799816EC2C2}.Debug|x64.Build.0 = Debug|Any CPU
		{C567E949-8BF2-4524-8565-4799816EC2C2}.Release|Any CPU.ActiveCfg = Release|Any CPU
		{C567E949-8BF2-4524-8565-4799816EC2C2}.Release|Any CPU.Build.0 = Release|Any CPU
		{C567E949-8BF2-4524-8565-4799816EC2C2}.Release|x64.ActiveCfg = Release|Any CPU
		{C567E949-8BF2-4524-8565-4799816EC2C2}.Release|x64.Build.0 = Release|Any CPU
		{CFFCDBCB-BEA9-43E2-B833-AC827F7AC535}.Debug|Any CPU.ActiveCfg = Debug|Any CPU
		{CFFCDBCB-BEA9-43E2-B833-AC827F7AC535}.Debug|Any CPU.Build.0 = Debug|Any CPU
		{CFFCDBCB-BEA9-43E2-B833-AC827F7AC535}.Debug|x64.ActiveCfg = Debug|Any CPU
		{CFFCDBCB-BEA9-43E2-B833-AC827F7AC535}.Debug|x64.Build.0 = Debug|Any CPU
		{CFFCDBCB-BEA9-43E2-B833-AC827F7AC535}.Release|Any CPU.ActiveCfg = Release|Any CPU
		{CFFCDBCB-BEA9-43E2-B833-AC827F7AC535}.Release|Any CPU.Build.0 = Release|Any CPU
		{CFFCDBCB-BEA9-43E2-B833-AC827F7AC535}.Release|x64.ActiveCfg = Release|Any CPU
		{CFFCDBCB-BEA9-43E2-B833-AC827F7AC535}.Release|x64.Build.0 = Release|Any CPU
		{8785956E-7D45-4753-944A-3DDDE01971A9}.Debug|Any CPU.ActiveCfg = Debug|Any CPU
		{8785956E-7D45-4753-944A-3DDDE01971A9}.Debug|Any CPU.Build.0 = Debug|Any CPU
		{8785956E-7D45-4753-944A-3DDDE01971A9}.Debug|x64.ActiveCfg = Debug|Any CPU
		{8785956E-7D45-4753-944A-3DDDE01971A9}.Debug|x64.Build.0 = Debug|Any CPU
		{8785956E-7D45-4753-944A-3DDDE01971A9}.Release|Any CPU.ActiveCfg = Release|Any CPU
		{8785956E-7D45-4753-944A-3DDDE01971A9}.Release|Any CPU.Build.0 = Release|Any CPU
		{8785956E-7D45-4753-944A-3DDDE01971A9}.Release|x64.ActiveCfg = Release|Any CPU
		{8785956E-7D45-4753-944A-3DDDE01971A9}.Release|x64.Build.0 = Release|Any CPU
		{9576A124-BEFC-4770-8FA3-8FD59DC7F535}.Debug|Any CPU.ActiveCfg = Debug|Any CPU
		{9576A124-BEFC-4770-8FA3-8FD59DC7F535}.Debug|Any CPU.Build.0 = Debug|Any CPU
		{9576A124-BEFC-4770-8FA3-8FD59DC7F535}.Debug|x64.ActiveCfg = Debug|Any CPU
		{9576A124-BEFC-4770-8FA3-8FD59DC7F535}.Debug|x64.Build.0 = Debug|Any CPU
		{9576A124-BEFC-4770-8FA3-8FD59DC7F535}.Release|Any CPU.ActiveCfg = Release|Any CPU
		{9576A124-BEFC-4770-8FA3-8FD59DC7F535}.Release|Any CPU.Build.0 = Release|Any CPU
		{9576A124-BEFC-4770-8FA3-8FD59DC7F535}.Release|x64.ActiveCfg = Release|Any CPU
		{9576A124-BEFC-4770-8FA3-8FD59DC7F535}.Release|x64.Build.0 = Release|Any CPU
	EndGlobalSection
	GlobalSection(SolutionProperties) = preSolution
		HideSolutionNode = FALSE
	EndGlobalSection
	GlobalSection(ExtensibilityGlobals) = postSolution
		SolutionGuid = {EA90A858-03CE-46F9-887E-BEA39FCF5C04}
	EndGlobalSection
EndGlobal
